
Microsoft Visual Studio Solution File, Format Version 12.00
# Visual Studio Version 17
VisualStudioVersion = 17.8.34309.116
MinimumVisualStudioVersion = 10.0.40219.1
Project("{2150E333-8FDC-42A3-9474-1A3956D46DE8}") = "common", "common", "{5F69C053-E2C4-4431-B752-814FD111C42F}"
	ProjectSection(SolutionItems) = preProject
		readme.md = readme.md
	EndProjectSection
EndProject
Project("{2150E333-8FDC-42A3-9474-1A3956D46DE8}") = "src", "src", "{6D1B0C12-769F-49F0-9433-78B400D1B461}"
EndProject
Project("{2150E333-8FDC-42A3-9474-1A3956D46DE8}") = "tests", "tests", "{044D7277-14B4-4510-9458-1D673C63CFD1}"
EndProject
Project("{9A19103F-16F7-4668-BE54-9A1E7A4F7556}") = "Micro.Framework.Domain", "src\Micro.Framework.Domain\Micro.Framework.Domain.csproj", "{4A71164D-78F3-4360-A899-8FB5D1375082}"
EndProject
Project("{9A19103F-16F7-4668-BE54-9A1E7A4F7556}") = "Micro.Framework.Common", "src\Micro.Framework.Common\Micro.Framework.Common.csproj", "{C29C0AF4-857B-4A2C-83D1-E5BE5C26BB5A}"
EndProject
Project("{FAE04EC0-301F-11D3-BF4B-00C04F79EFBC}") = "Micro.Framework.UseCase", "src\Micro.Framework.UseCase\Micro.Framework.UseCase.csproj", "{7162FC75-3C63-4237-9C8D-F3DAFFA048E8}"
EndProject
Global
	GlobalSection(SolutionConfigurationPlatforms) = preSolution
		Debug|Any CPU = Debug|Any CPU
		Release|Any CPU = Release|Any CPU
	EndGlobalSection
	GlobalSection(ProjectConfigurationPlatforms) = postSolution
		{4A71164D-78F3-4360-A899-8FB5D1375082}.Debug|Any CPU.ActiveCfg = Debug|Any CPU
		{4A71164D-78F3-4360-A899-8FB5D1375082}.Debug|Any CPU.Build.0 = Debug|Any CPU
		{4A71164D-78F3-4360-A899-8FB5D1375082}.Release|Any CPU.ActiveCfg = Release|Any CPU
		{4A71164D-78F3-4360-A899-8FB5D1375082}.Release|Any CPU.Build.0 = Release|Any CPU
		{C29C0AF4-857B-4A2C-83D1-E5BE5C26BB5A}.Debug|Any CPU.ActiveCfg = Debug|Any CPU
		{C29C0AF4-857B-4A2C-83D1-E5BE5C26BB5A}.Debug|Any CPU.Build.0 = Debug|Any CPU
		{C29C0AF4-857B-4A2C-83D1-E5BE5C26BB5A}.Release|Any CPU.ActiveCfg = Release|Any CPU
		{C29C0AF4-857B-4A2C-83D1-E5BE5C26BB5A}.Release|Any CPU.Build.0 = Release|Any CPU
		{7162FC75-3C63-4237-9C8D-F3DAFFA048E8}.Debug|Any CPU.ActiveCfg = Debug|Any CPU
		{7162FC75-3C63-4237-9C8D-F3DAFFA048E8}.Debug|Any CPU.Build.0 = Debug|Any CPU
		{7162FC75-3C63-4237-9C8D-F3DAFFA048E8}.Release|Any CPU.ActiveCfg = Release|Any CPU
		{7162FC75-3C63-4237-9C8D-F3DAFFA048E8}.Release|Any CPU.Build.0 = Release|Any CPU
	EndGlobalSection
	GlobalSection(SolutionProperties) = preSolution
		HideSolutionNode = FALSE
	EndGlobalSection
	GlobalSection(NestedProjects) = preSolution
		{4A71164D-78F3-4360-A899-8FB5D1375082} = {6D1B0C12-769F-49F0-9433-78B400D1B461}
		{C29C0AF4-857B-4A2C-83D1-E5BE5C26BB5A} = {6D1B0C12-769F-49F0-9433-78B400D1B461}
		{7162FC75-3C63-4237-9C8D-F3DAFFA048E8} = {6D1B0C12-769F-49F0-9433-78B400D1B461}
	EndGlobalSection
	GlobalSection(ExtensibilityGlobals) = postSolution
		SolutionGuid = {72B28CDC-183C-4C07-8A03-7468FF543956}
	EndGlobalSection
EndGlobal
